
Microsoft Visual Studio Solution File, Format Version 12.00
# Visual Studio Version 17
VisualStudioVersion = 17.10.35004.147
MinimumVisualStudioVersion = 10.0.40219.1
Project("{FAE04EC0-301F-11D3-BF4B-00C04F79EFBC}") = "Bitwise Permissions Manager", "Bitwise Permissions Manager.csproj", "{4D310AF5-AC58-4ADC-BCA9-8C287F3CFA68}"
EndProject
Global
	GlobalSection(SolutionConfigurationPlatforms) = preSolution
		Debug|Any CPU = Debug|Any CPU
		Release|Any CPU = Release|Any CPU
	EndGlobalSection
	GlobalSection(ProjectConfigurationPlatforms) = postSolution
		{4D310AF5-AC58-4ADC-BCA9-8C287F3CFA68}.Debug|Any CPU.ActiveCfg = Debug|Any CPU
		{4D310AF5-AC58-4ADC-BCA9-8C287F3CFA68}.Debug|Any CPU.Build.0 = Debug|Any CPU
		{4D310AF5-AC58-4ADC-BCA9-8C287F3CFA68}.Release|Any CPU.ActiveCfg = Release|Any CPU
		{4D310AF5-AC58-4ADC-BCA9-8C287F3CFA68}.Release|Any CPU.Build.0 = Release|Any CPU
	EndGlobalSection
	GlobalSection(SolutionProperties) = preSolution
		HideSolutionNode = FALSE
	EndGlobalSection
	GlobalSection(ExtensibilityGlobals) = postSolution
		SolutionGuid = {78A2C33B-83EC-477C-B0BC-9B04D0635297}
	EndGlobalSection
EndGlobal
